
Microsoft Visual Studio Solution File, Format Version 12.00
# Visual Studio 14
VisualStudioVersion = 14.0.25123.0
MinimumVisualStudioVersion = 10.0.40219.1
Project("{FAE04EC0-301F-11D3-BF4B-00C04F79EFBC}") = "RohlikAPI", "RohlikAPI\RohlikAPI.csproj", "{AC2B765F-7351-4B4E-A289-BFC6E6BD314C}"
EndProject
Project("{FAE04EC0-301F-11D3-BF4B-00C04F79EFBC}") = "RohlikAPITests", "RohlikAPITests\RohlikAPITests.csproj", "{A258046A-863D-4AF9-9A3E-308B2E9F8F0E}"
EndProject
Global
	GlobalSection(SolutionConfigurationPlatforms) = preSolution
		Debug|Any CPU = Debug|Any CPU
		Release|Any CPU = Release|Any CPU
	EndGlobalSection
	GlobalSection(ProjectConfigurationPlatforms) = postSolution
		{AC2B765F-7351-4B4E-A289-BFC6E6BD314C}.Debug|Any CPU.ActiveCfg = Debug|Any CPU
		{AC2B765F-7351-4B4E-A289-BFC6E6BD314C}.Debug|Any CPU.Build.0 = Debug|Any CPU
		{AC2B765F-7351-4B4E-A289-BFC6E6BD314C}.Release|Any CPU.ActiveCfg = Release|Any CPU
		{AC2B765F-7351-4B4E-A289-BFC6E6BD314C}.Release|Any CPU.Build.0 = Release|Any CPU
		{A258046A-863D-4AF9-9A3E-308B2E9F8F0E}.Debug|Any CPU.ActiveCfg = Debug|Any CPU
		{A258046A-863D-4AF9-9A3E-308B2E9F8F0E}.Debug|Any CPU.Build.0 = Debug|Any CPU
		{A258046A-863D-4AF9-9A3E-308B2E9F8F0E}.Release|Any CPU.ActiveCfg = Release|Any CPU
		{A258046A-863D-4AF9-9A3E-308B2E9F8F0E}.Release|Any CPU.Build.0 = Release|Any CPU
	EndGlobalSection
	GlobalSection(SolutionProperties) = preSolution
		HideSolutionNode = FALSE
	EndGlobalSection
EndGlobal
